
Microsoft Visual Studio Solution File, Format Version 12.00
# Visual Studio Version 17
VisualStudioVersion = 17.7.34031.279
MinimumVisualStudioVersion = 10.0.40219.1
Project("{FAE04EC0-301F-11D3-BF4B-00C04F79EFBC}") = "Jsonfilemoving", "Jsonfilemoving\Jsonfilemoving.csproj", "{D6A40BF7-B504-4932-804B-A5700F6B1F81}"
EndProject
Global
	GlobalSection(SolutionConfigurationPlatforms) = preSolution
		Debug|Any CPU = Debug|Any CPU
		Release|Any CPU = Release|Any CPU
	EndGlobalSection
	GlobalSection(ProjectConfigurationPlatforms) = postSolution
		{D6A40BF7-B504-4932-804B-A5700F6B1F81}.Debug|Any CPU.ActiveCfg = Debug|Any CPU
		{D6A40BF7-B504-4932-804B-A5700F6B1F81}.Debug|Any CPU.Build.0 = Debug|Any CPU
		{D6A40BF7-B504-4932-804B-A5700F6B1F81}.Release|Any CPU.ActiveCfg = Release|Any CPU
		{D6A40BF7-B504-4932-804B-A5700F6B1F81}.Release|Any CPU.Build.0 = Release|Any CPU
	EndGlobalSection
	GlobalSection(SolutionProperties) = preSolution
		HideSolutionNode = FALSE
	EndGlobalSection
	GlobalSection(ExtensibilityGlobals) = postSolution
		SolutionGuid = {0422FF26-FD24-4D41-A1F0-102E6E7C2982}
	EndGlobalSection
EndGlobal
